// !$*UTF8*$!
{
	archiveVersion = 1;
	classes = {
	};
	objectVersion = 46;
	objects = {

/* Begin PBXBuildFile section */
		65494D2919E0B27A0048F602 /* main.m in Sources */ = {isa = PBXBuildFile; fileRef = 65494D2819E0B27A0048F602 /* main.m */; };
		65494D2C19E0B27A0048F602 /* AppDelegate.m in Sources */ = {isa = PBXBuildFile; fileRef = 65494D2B19E0B27A0048F602 /* AppDelegate.m */; };
		65494D2F19E0B27A0048F602 /* ViewController.m in Sources */ = {isa = PBXBuildFile; fileRef = 65494D2E19E0B27A0048F602 /* ViewController.m */; };
		65494D3219E0B27A0048F602 /* Main.storyboard in Resources */ = {isa = PBXBuildFile; fileRef = 65494D3019E0B27A0048F602 /* Main.storyboard */; };
		65494D3419E0B27A0048F602 /* Images.xcassets in Resources */ = {isa = PBXBuildFile; fileRef = 65494D3319E0B27A0048F602 /* Images.xcassets */; };
		65494D3719E0B27A0048F602 /* LaunchScreen.xib in Resources */ = {isa = PBXBuildFile; fileRef = 65494D3519E0B27A0048F602 /* LaunchScreen.xib */; };
		65494D4319E0B27A0048F602 /* iAdProjectTests.m in Sources */ = {isa = PBXBuildFile; fileRef = 65494D4219E0B27A0048F602 /* iAdProjectTests.m */; };
		65494D4D19E0B62B0048F602 /* iAd.framework in Frameworks */ = {isa = PBXBuildFile; fileRef = 65494D4C19E0B62B0048F602 /* iAd.framework */; };
/* End PBXBuildFile section */

/* Begin PBXContainerItemProxy section */
		65494D3D19E0B27A0048F602 /* PBXContainerItemProxy */ = {
			isa = PBXContainerItemProxy;
			containerPortal = 65494D1B19E0B27A0048F602 /* Project object */;
			proxyType = 1;
			remoteGlobalIDString = 65494D2219E0B27A0048F602;
			remoteInfo = iAdProject;
		};
/* End PBXContainerItemProxy section */

/* Begin PBXFileReference section */
		65494D2319E0B27A0048F602 /* iAdProject.app */ = {isa = PBXFileReference; explicitFileType = wrapper.application; includeInIndex = 0; path = iAdProject.app; sourceTree = BUILT_PRODUCTS_DIR; };
		65494D2719E0B27A0048F602 /* Info.plist */ = {isa = PBXFileReference; lastKnownFileType = text.plist.xml; path = Info.plist; sourceTree = "<group>"; };
		65494D2819E0B27A0048F602 /* main.m */ = {isa = PBXFileReference; lastKnownFileType = sourcecode.c.objc; path = main.m; sourceTree = "<group>"; };
		65494D2A19E0B27A0048F602 /* AppDelegate.h */ = {isa = PBXFileReference; lastKnownFileType = sourcecode.c.h; path = AppDelegate.h; sourceTree = "<group>"; };
		65494D2B19E0B27A0048F602 /* AppDelegate.m */ = {isa = PBXFileReference; lastKnownFileType = sourcecode.c.objc; path = AppDelegate.m; sourceTree = "<group>"; };
		65494D2D19E0B27A0048F602 /* ViewController.h */ = {isa = PBXFileReference; lastKnownFileType = sourcecode.c.h; path = ViewController.h; sourceTree = "<group>"; };
		65494D2E19E0B27A0048F602 /* ViewController.m */ = {isa = PBXFileReference; lastKnownFileType = sourcecode.c.objc; path = ViewController.m; sourceTree = "<group>"; };
		65494D3119E0B27A0048F602 /* Base */ = {isa = PBXFileReference; lastKnownFileType = file.storyboard; name = Base; path = Base.lproj/Main.storyboard; sourceTree = "<group>"; };
		65494D3319E0B27A0048F602 /* Images.xcassets */ = {isa = PBXFileReference; lastKnownFileType = folder.assetcatalog; path = Images.xcassets; sourceTree = "<group>"; };
		65494D3619E0B27A0048F602 /* Base */ = {isa = PBXFileReference; lastKnownFileType = file.xib; name = Base; path = Base.lproj/LaunchScreen.xib; sourceTree = "<group>"; };
		65494D3C19E0B27A0048F602 /* iAdProjectTests.xctest */ = {isa = PBXFileReference; explicitFileType = wrapper.cfbundle; includeInIndex = 0; path = iAdProjectTests.xctest; sourceTree = BUILT_PRODUCTS_DIR; };
		65494D4119E0B27A0048F602 /* Info.plist */ = {isa = PBXFileReference; lastKnownFileType = text.plist.xml; path = Info.plist; sourceTree = "<group>"; };
		65494D4219E0B27A0048F602 /* iAdProjectTests.m */ = {isa = PBXFileReference; lastKnownFileType = sourcecode.c.objc; path = iAdProjectTests.m; sourceTree = "<group>"; };
		65494D4C19E0B62B0048F602 /* iAd.framework */ = {isa = PBXFileReference; lastKnownFileType = wrapper.framework; name = iAd.framework; path = System/Library/Frameworks/iAd.framework; sourceTree = SDKROOT; };
/* End PBXFileReference section */

/* Begin PBXFrameworksBuildPhase section */
		65494D2019E0B27A0048F602 /* Frameworks */ = {
			isa = PBXFrameworksBuildPhase;
			buildActionMask = 2147483647;
			files = (
				65494D4D19E0B62B0048F602 /* iAd.framework in Frameworks */,
			);
			runOnlyForDeploymentPostprocessing = 0;
		};
		65494D3919E0B27A0048F602 /* Frameworks */ = {
			isa = PBXFrameworksBuildPhase;
			buildActionMask = 2147483647;
			files = (
			);
			runOnlyForDeploymentPostprocessing = 0;
		};
/* End PBXFrameworksBuildPhase section */

/* Begin PBXGroup section */
		65494D1A19E0B27A0048F602 = {
			isa = PBXGroup;
			children = (
				65494D4C19E0B62B0048F602 /* iAd.framework */,
				65494D2519E0B27A0048F602 /* iAdProject */,
				65494D3F19E0B27A0048F602 /* iAdProjectTests */,
				65494D2419E0B27A0048F602 /* Products */,
			);
			sourceTree = "<group>";
		};
		65494D2419E0B27A0048F602 /* Products */ = {
			isa = PBXGroup;
			children = (
				65494D2319E0B27A0048F602 /* iAdProject.app */,
				65494D3C19E0B27A0048F602 /* iAdProjectTests.xctest */,
			);
			name = Products;
			sourceTree = "<group>";
		};
		65494D2519E0B27A0048F602 /* iAdProject */ = {
			isa = PBXGroup;
			children = (
				65494D2A19E0B27A0048F602 /* AppDelegate.h */,
				65494D2B19E0B27A0048F602 /* AppDelegate.m */,
				65494D2D19E0B27A0048F602 /* ViewController.h */,
				65494D2E19E0B27A0048F602 /* ViewController.m */,
				65494D3019E0B27A0048F602 /* Main.storyboard */,
				65494D3319E0B27A0048F602 /* Images.xcassets */,
				65494D3519E0B27A0048F602 /* LaunchScreen.xib */,
				65494D2619E0B27A0048F602 /* Supporting Files */,
			);
			path = iAdProject;
			sourceTree = "<group>";
		};
		65494D2619E0B27A0048F602 /* Supporting Files */ = {
			isa = PBXGroup;
			children = (
				65494D2719E0B27A0048F602 /* Info.plist */,
				65494D2819E0B27A0048F602 /* main.m */,
			);
			name = "Supporting Files";
			sourceTree = "<group>";
		};
		65494D3F19E0B27A0048F602 /* iAdProjectTests */ = {
			isa = PBXGroup;
			children = (
				65494D4219E0B27A0048F602 /* iAdProjectTests.m */,
				65494D4019E0B27A0048F602 /* Supporting Files */,
			);
			path = iAdProjectTests;
			sourceTree = "<group>";
		};
		65494D4019E0B27A0048F602 /* Supporting Files */ = {
			isa = PBXGroup;
			children = (
				65494D4119E0B27A0048F602 /* Info.plist */,
			);
			name = "Supporting Files";
			sourceTree = "<group>";
		};
/* End PBXGroup section */

/* Begin PBXNativeTarget section */
		65494D2219E0B27A0048F602 /* iAdProject */ = {
			isa = PBXNativeTarget;
			buildConfigurationList = 65494D4619E0B27A0048F602 /* Build configuration list for PBXNativeTarget "iAdProject" */;
			buildPhases = (
				65494D1F19E0B27A0048F602 /* Sources */,
				65494D2019E0B27A0048F602 /* Frameworks */,
				65494D2119E0B27A0048F602 /* Resources */,
			);
			buildRules = (
			);
			dependencies = (
			);
			name = iAdProject;
			productName = iAdProject;
			productReference = 65494D2319E0B27A0048F602 /* iAdProject.app */;
			productType = "com.apple.product-type.application";
		};
		65494D3B19E0B27A0048F602 /* iAdProjectTests */ = {
			isa = PBXNativeTarget;
			buildConfigurationList = 65494D4919E0B27A0048F602 /* Build configuration list for PBXNativeTarget "iAdProjectTests" */;
			buildPhases = (
				65494D3819E0B27A0048F602 /* Sources */,
				65494D3919E0B27A0048F602 /* Frameworks */,
				65494D3A19E0B27A0048F602 /* Resources */,
			);
			buildRules = (
			);
			dependencies = (
				65494D3E19E0B27A0048F602 /* PBXTargetDependency */,
			);
			name = iAdProjectTests;
			productName = iAdProjectTests;
			productReference = 65494D3C19E0B27A0048F602 /* iAdProjectTests.xctest */;
			productType = "com.apple.product-type.bundle.unit-test";
		};
/* End PBXNativeTarget section */

/* Begin PBXProject section */
		65494D1B19E0B27A0048F602 /* Project object */ = {
			isa = PBXProject;
			attributes = {
				LastUpgradeCheck = 0600;
				ORGANIZATIONNAME = Katiyals;
				TargetAttributes = {
					65494D2219E0B27A0048F602 = {
						CreatedOnToolsVersion = 6.0.1;
					};
					65494D3B19E0B27A0048F602 = {
						CreatedOnToolsVersion = 6.0.1;
						TestTargetID = 65494D2219E0B27A0048F602;
					};
				};
			};
			buildConfigurationList = 65494D1E19E0B27A0048F602 /* Build configuration list for PBXProject "iAdProject" */;
			compatibilityVersion = "Xcode 3.2";
			developmentRegion = English;
			hasScannedForEncodings = 0;
			knownRegions = (
				en,
				Base,
			);
			mainGroup = 65494D1A19E0B27A0048F602;
			productRefGroup = 65494D2419E0B27A0048F602 /* Products */;
			projectDirPath = "";
			projectRoot = "";
			targets = (
				65494D2219E0B27A0048F602 /* iAdProject */,
				65494D3B19E0B27A0048F602 /* iAdProjectTests */,
			);
		};
/* End PBXProject section */

/* Begin PBXResourcesBuildPhase section */
		65494D2119E0B27A0048F602 /* Resources */ = {
			isa = PBXResourcesBuildPhase;
			buildActionMask = 2147483647;
			files = (
				65494D3219E0B27A0048F602 /* Main.storyboard in Resources */,
				65494D3719E0B27A0048F602 /* LaunchScreen.xib in Resources */,
				65494D3419E0B27A0048F602 /* Images.xcassets in Resources */,
			);
			runOnlyForDeploymentPostprocessing = 0;
		};
		65494D3A19E0B27A0048F602 /* Resources */ = {
			isa = PBXResourcesBuildPhase;
			buildActionMask = 2147483647;
			files = (
			);
			runOnlyForDeploymentPostprocessing = 0;
		};
/* End PBXResourcesBuildPhase section */

/* Begin PBXSourcesBuildPhase section */
		65494D1F19E0B27A0048F602 /* Sources */ = {
			isa = PBXSourcesBuildPhase;
			buildActionMask = 2147483647;
			files = (
				65494D2F19E0B27A0048F602 /* ViewController.m in Sources */,
				65494D2C19E0B27A0048F602 /* AppDelegate.m in Sources */,
				65494D2919E0B27A0048F602 /* main.m in Sources */,
			);
			runOnlyForDeploymentPostprocessing = 0;
		};
		65494D3819E0B27A0048F602 /* Sources */ = {
			isa = PBXSourcesBuildPhase;
			buildActionMask = 2147483647;
			files = (
				65494D4319E0B27A0048F602 /* iAdProjectTests.m in Sources */,
			);
			runOnlyForDeploymentPostprocessing = 0;
		};
/* End PBXSourcesBuildPhase section */

/* Begin PBXTargetDependency section */
		65494D3E19E0B27A0048F602 /* PBXTargetDependency */ = {
			isa = PBXTargetDependency;
			target = 65494D2219E0B27A0048F602 /* iAdProject */;
			targetProxy = 65494D3D19E0B27A0048F602 /* PBXContainerItemProxy */;
		};
/* End PBXTargetDependency section */

/* Begin PBXVariantGroup section */
		65494D3019E0B27A0048F602 /* Main.storyboard */ = {
			isa = PBXVariantGroup;
			children = (
				65494D3119E0B27A0048F602 /* Base */,
			);
			name = Main.storyboard;
			sourceTree = "<group>";
		};
		65494D3519E0B27A0048F602 /* LaunchScreen.xib */ = {
			isa = PBXVariantGroup;
			children = (
				65494D3619E0B27A0048F602 /* Base */,
			);
			name = LaunchScreen.xib;
			sourceTree = "<group>";
		};
/* End PBXVariantGroup section */

/* Begin XCBuildConfiguration section */
		65494D4419E0B27A0048F602 /* Debug */ = {
			isa = XCBuildConfiguration;
			buildSettings = {
				ALWAYS_SEARCH_USER_PATHS = NO;
				CLANG_CXX_LANGUAGE_STANDARD = "gnu++0x";
				CLANG_CXX_LIBRARY = "libc++";
				CLANG_ENABLE_MODULES = YES;
				CLANG_ENABLE_OBJC_ARC = YES;
				CLANG_WARN_BOOL_CONVERSION = YES;
				CLANG_WARN_CONSTANT_CONVERSION = YES;
				CLANG_WARN_DIRECT_OBJC_ISA_USAGE = YES_ERROR;
				CLANG_WARN_EMPTY_BODY = YES;
				CLANG_WARN_ENUM_CONVERSION = YES;
				CLANG_WARN_INT_CONVERSION = YES;
				CLANG_WARN_OBJC_ROOT_CLASS = YES_ERROR;
				CLANG_WARN_UNREACHABLE_CODE = YES;
				CLANG_WARN__DUPLICATE_METHOD_MATCH = YES;
				"CODE_SIGN_IDENTITY[sdk=iphoneos*]" = "iPhone Developer";
				COPY_PHASE_STRIP = NO;
				ENABLE_STRICT_OBJC_MSGSEND = YES;
				GCC_C_LANGUAGE_STANDARD = gnu99;
				GCC_DYNAMIC_NO_PIC = NO;
				GCC_OPTIMIZATION_LEVEL = 0;
				GCC_PREPROCESSOR_DEFINITIONS = (
					"DEBUG=1",
					"$(inherited)",
				);
				GCC_SYMBOLS_PRIVATE_EXTERN = NO;
				GCC_WARN_64_TO_32_BIT_CONVERSION = YES;
				GCC_WARN_ABOUT_RETURN_TYPE = YES_ERROR;
				GCC_WARN_UNDECLARED_SELECTOR = YES;
				GCC_WARN_UNINITIALIZED_AUTOS = YES_AGGRESSIVE;
				GCC_WARN_UNUSED_FUNCTION = YES;
				GCC_WARN_UNUSED_VARIABLE = YES;
				IPHONEOS_DEPLOYMENT_TARGET = 8.0;
				MTL_ENABLE_DEBUG_INFO = YES;
				ONLY_ACTIVE_ARCH = YES;
				SDKROOT = iphoneos;
			};
			name = Debug;
		};
		65494D4519E0B27A0048F602 /* Release */ = {
			isa = XCBuildConfiguration;
			buildSettings = {
				ALWAYS_SEARCH_USER_PATHS = NO;
				CLANG_CXX_LANGUAGE_STANDARD = "gnu++0x";
				CLANG_CXX_LIBRARY = "libc++";
				CLANG_ENABLE_MODULES = YES;
				CLANG_ENABLE_OBJC_ARC = YES;
				CLANG_WARN_BOOL_CONVERSION = YES;
				CLANG_WARN_CONSTANT_CONVERSION = YES;
				CLANG_WARN_DIRECT_OBJC_ISA_USAGE = YES_ERROR;
				CLANG_WARN_EMPTY_BODY = YES;
				CLANG_WARN_ENUM_CONVERSION = YES;
				CLANG_WARN_INT_CONVERSION = YES;
				CLANG_WARN_OBJC_ROOT_CLASS = YES_ERROR;
				CLANG_WARN_UNREACHABLE_CODE = YES;
				CLANG_WARN__DUPLICATE_METHOD_MATCH = YES;
				"CODE_SIGN_IDENTITY[sdk=iphoneos*]" = "iPhone Developer";
				COPY_PHASE_STRIP = YES;
				ENABLE_NS_ASSERTIONS = NO;
				ENABLE_STRICT_OBJC_MSGSEND = YES;
				GCC_C_LANGUAGE_STANDARD = gnu99;
				GCC_WARN_64_TO_32_BIT_CONVERSION = YES;
				GCC_WARN_ABOUT_RETURN_TYPE = YES_ERROR;
				GCC_WARN_UNDECLARED_SELECTOR = YES;
				GCC_WARN_UNINITIALIZED_AUTOS = YES_AGGRESSIVE;
				GCC_WARN_UNUSED_FUNCTION = YES;
				GCC_WARN_UNUSED_VARIABLE = YES;
				IPHONEOS_DEPLOYMENT_TARGET = 8.0;
				MTL_ENABLE_DEBUG_INFO = NO;
				SDKROOT = iphoneos;
				VALIDATE_PRODUCT = YES;
			};
			name = Release;
		};
		65494D4719E0B27A0048F602 /* Debug */ = {
			isa = XCBuildConfiguration;
			buildSettings = {
				ASSETCATALOG_COMPILER_APPICON_NAME = AppIcon;
				INFOPLIST_FILE = iAdProject/Info.plist;
				LD_RUNPATH_SEARCH_PATHS = "$(inherited) @executable_path/Frameworks";
				PRODUCT_NAME = "$(TARGET_NAME)";
			};
			name = Debug;
		};
		65494D4819E0B27A0048F602 /* Release */ = {
			isa = XCBuildConfiguration;
			buildSettings = {
				ASSETCATALOG_COMPILER_APPICON_NAME = AppIcon;
				INFOPLIST_FILE = iAdProject/Info.plist;
				LD_RUNPATH_SEARCH_PATHS = "$(inherited) @executable_path/Frameworks";
				PRODUCT_NAME = "$(TARGET_NAME)";
			};
			name = Release;
		};
		65494D4A19E0B27A0048F602 /* Debug */ = {
			isa = XCBuildConfiguration;
			buildSettings = {
				BUNDLE_LOADER = "$(TEST_HOST)";
				FRAMEWORK_SEARCH_PATHS = (
					"$(SDKROOT)/Developer/Library/Frameworks",
					"$(inherited)",
				);
				GCC_PREPROCESSOR_DEFINITIONS = (
					"DEBUG=1",
					"$(inherited)",
				);
				INFOPLIST_FILE = iAdProjectTests/Info.plist;
				LD_RUNPATH_SEARCH_PATHS = "$(inherited) @executable_path/Frameworks @loader_path/Frameworks";
				PRODUCT_NAME = "$(TARGET_NAME)";
				TEST_HOST = "$(BUILT_PRODUCTS_DIR)/iAdProject.app/iAdProject";
			};
			name = Debug;
		};
		65494D4B19E0B27A0048F602 /* Release */ = {
			isa = XCBuildConfiguration;
			buildSettings = {
				BUNDLE_LOADER = "$(TEST_HOST)";
				FRAMEWORK_SEARCH_PATHS = (
					"$(SDKROOT)/Developer/Library/Frameworks",
					"$(inherited)",
				);
				INFOPLIST_FILE = iAdProjectTests/Info.plist;
				LD_RUNPATH_SEARCH_PATHS = "$(inherited) @executable_path/Frameworks @loader_path/Frameworks";
				PRODUCT_NAME = "$(TARGET_NAME)";
				TEST_HOST = "$(BUILT_PRODUCTS_DIR)/iAdProject.app/iAdProject";
			};
			name = Release;
		};
/* End XCBuildConfiguration section */

/* Begin XCConfigurationList section */
		65494D1E19E0B27A0048F602 /* Build configuration list for PBXProject "iAdProject" */ = {
			isa = XCConfigurationList;
			buildConfigurations = (
				65494D4419E0B27A0048F602 /* Debug */,
				65494D4519E0B27A0048F602 /* Release */,
			);
			defaultConfigurationIsVisible = 0;
			defaultConfigurationName = Release;
		};
		65494D4619E0B27A0048F602 /* Build configuration list for PBXNativeTarget "iAdProject" */ = {
			isa = XCConfigurationList;
			buildConfigurations = (
				65494D4719E0B27A0048F602 /* Debug */,
				65494D4819E0B27A0048F602 /* Release */,
			);
			defaultConfigurationIsVisible = 0;
		};
		65494D4919E0B27A0048F602 /* Build configuration list for PBXNativeTarget "iAdProjectTests" */ = {
			isa = XCConfigurationList;
			buildConfigurations = (
				65494D4A19E0B27A0048F602 /* Debug */,
				65494D4B19E0B27A0048F602 /* Release */,
			);
			defaultConfigurationIsVisible = 0;
		};
/* End XCConfigurationList section */
	};
	rootObject = 65494D1B19E0B27A0048F602 /* Project object */;
}
